
Microsoft Visual Studio Solution File, Format Version 12.00
# Visual Studio Version 17
VisualStudioVersion = 17.5.002.0
MinimumVisualStudioVersion = 10.0.40219.1
Project("{9A19103F-16F7-4668-BE54-9A1E7A4F7556}") = "Aula03_BTS", "Aula03_BTS.csproj", "{BCFAF2C1-16ED-492F-B298-70564F3DF501}"
EndProject
Global
	GlobalSection(SolutionConfigurationPlatforms) = preSolution
		Debug|Any CPU = Debug|Any CPU
		Release|Any CPU = Release|Any CPU
	EndGlobalSection
	GlobalSection(ProjectConfigurationPlatforms) = postSolution
		{BCFAF2C1-16ED-492F-B298-70564F3DF501}.Debug|Any CPU.ActiveCfg = Debug|Any CPU
		{BCFAF2C1-16ED-492F-B298-70564F3DF501}.Debug|Any CPU.Build.0 = Debug|Any CPU
		{BCFAF2C1-16ED-492F-B298-70564F3DF501}.Release|Any CPU.ActiveCfg = Release|Any CPU
		{BCFAF2C1-16ED-492F-B298-70564F3DF501}.Release|Any CPU.Build.0 = Release|Any CPU
	EndGlobalSection
	GlobalSection(SolutionProperties) = preSolution
		HideSolutionNode = FALSE
	EndGlobalSection
	GlobalSection(ExtensibilityGlobals) = postSolution
		SolutionGuid = {BAD85BF1-F0CB-421D-9C9A-296C306DD6FD}
	EndGlobalSection
EndGlobal
